// !$*UTF8*$!
{
	archiveVersion = 1;
	classes = {
	};
	objectVersion = 50;
	objects = {

/* Begin PBXBuildFile section */
		8F6AC03525F128B9001A1EA1 /* AppDelegate.swift in Sources */ = {isa = PBXBuildFile; fileRef = 8F6AC03425F128B9001A1EA1 /* AppDelegate.swift */; };
		8F6AC03725F128B9001A1EA1 /* SceneDelegate.swift in Sources */ = {isa = PBXBuildFile; fileRef = 8F6AC03625F128B9001A1EA1 /* SceneDelegate.swift */; };
		8F6AC03925F128B9001A1EA1 /* ViewController.swift in Sources */ = {isa = PBXBuildFile; fileRef = 8F6AC03825F128B9001A1EA1 /* ViewController.swift */; };
		8F6AC03C25F128B9001A1EA1 /* Main.storyboard in Resources */ = {isa = PBXBuildFile; fileRef = 8F6AC03A25F128B9001A1EA1 /* Main.storyboard */; };
		8F6AC03E25F128BB001A1EA1 /* Assets.xcassets in Resources */ = {isa = PBXBuildFile; fileRef = 8F6AC03D25F128BB001A1EA1 /* Assets.xcassets */; };
		8F6AC04125F128BB001A1EA1 /* LaunchScreen.storyboard in Resources */ = {isa = PBXBuildFile; fileRef = 8F6AC03F25F128BB001A1EA1 /* LaunchScreen.storyboard */; };
		8F6AC04C25F128BB001A1EA1 /* StokkerTests.swift in Sources */ = {isa = PBXBuildFile; fileRef = 8F6AC04B25F128BB001A1EA1 /* StokkerTests.swift */; };
		8F6AC05725F128BB001A1EA1 /* StokkerUITests.swift in Sources */ = {isa = PBXBuildFile; fileRef = 8F6AC05625F128BB001A1EA1 /* StokkerUITests.swift */; };
		8FA92D8A25F66F9600848BF1 /* TweetSentimentClassifier.mlmodel in Sources */ = {isa = PBXBuildFile; fileRef = 8FA92D8925F66F9600848BF1 /* TweetSentimentClassifier.mlmodel */; };
		8FA92DAA25F6743900848BF1 /* SwifteriOS.framework in Frameworks */ = {isa = PBXBuildFile; fileRef = 8FA92D9A25F673FB00848BF1 /* SwifteriOS.framework */; };
		8FA92DAB25F6743900848BF1 /* SwifteriOS.framework in Embed Frameworks */ = {isa = PBXBuildFile; fileRef = 8FA92D9A25F673FB00848BF1 /* SwifteriOS.framework */; settings = {ATTRIBUTES = (CodeSignOnCopy, RemoveHeadersOnCopy, ); }; };
		8FA92DB225F6766200848BF1 /* Secrets.plist in Resources */ = {isa = PBXBuildFile; fileRef = 8FA92DB125F6766200848BF1 /* Secrets.plist */; };
		8FA92DB925F6785D00848BF1 /* Secrets.swift in Sources */ = {isa = PBXBuildFile; fileRef = 8FA92DB825F6785D00848BF1 /* Secrets.swift */; };
/* End PBXBuildFile section */

/* Begin PBXContainerItemProxy section */
		8F6AC04825F128BB001A1EA1 /* PBXContainerItemProxy */ = {
			isa = PBXContainerItemProxy;
			containerPortal = 8F6AC02925F128B9001A1EA1 /* Project object */;
			proxyType = 1;
			remoteGlobalIDString = 8F6AC03025F128B9001A1EA1;
			remoteInfo = Stokker;
		};
		8F6AC05325F128BB001A1EA1 /* PBXContainerItemProxy */ = {
			isa = PBXContainerItemProxy;
			containerPortal = 8F6AC02925F128B9001A1EA1 /* Project object */;
			proxyType = 1;
			remoteGlobalIDString = 8F6AC03025F128B9001A1EA1;
			remoteInfo = Stokker;
		};
		8FA92D9925F673FB00848BF1 /* PBXContainerItemProxy */ = {
			isa = PBXContainerItemProxy;
			containerPortal = 8FA92D9125F673FB00848BF1 /* Swifter.xcodeproj */;
			proxyType = 2;
			remoteGlobalIDString = 8B9F50EE1944A5AB00894629;
			remoteInfo = SwifteriOS;
		};
		8FA92D9B25F673FB00848BF1 /* PBXContainerItemProxy */ = {
			isa = PBXContainerItemProxy;
			containerPortal = 8FA92D9125F673FB00848BF1 /* Swifter.xcodeproj */;
			proxyType = 2;
			remoteGlobalIDString = 8B9F51131944A61D00894629;
			remoteInfo = SwifterMac;
		};
		8FA92D9D25F673FB00848BF1 /* PBXContainerItemProxy */ = {
			isa = PBXContainerItemProxy;
			containerPortal = 8FA92D9125F673FB00848BF1 /* Swifter.xcodeproj */;
			proxyType = 2;
			remoteGlobalIDString = 8B300C1F1944AA1A00993175;
			remoteInfo = SwifterDemoiOS;
		};
		8FA92D9F25F673FB00848BF1 /* PBXContainerItemProxy */ = {
			isa = PBXContainerItemProxy;
			containerPortal = 8FA92D9125F673FB00848BF1 /* Swifter.xcodeproj */;
			proxyType = 2;
			remoteGlobalIDString = 8B300C471944AECB00993175;
			remoteInfo = SwifterDemoMac;
		};
		8FA92DA125F673FB00848BF1 /* PBXContainerItemProxy */ = {
			isa = PBXContainerItemProxy;
			containerPortal = 8FA92D9125F673FB00848BF1 /* Swifter.xcodeproj */;
			proxyType = 2;
			remoteGlobalIDString = F6B4D5751C7BAC4500E06514;
			remoteInfo = SwifterTests;
		};
/* End PBXContainerItemProxy section */

/* Begin PBXCopyFilesBuildPhase section */
		8FA92DAC25F6743900848BF1 /* Embed Frameworks */ = {
			isa = PBXCopyFilesBuildPhase;
			buildActionMask = 2147483647;
			dstPath = "";
			dstSubfolderSpec = 10;
			files = (
				8FA92DAB25F6743900848BF1 /* SwifteriOS.framework in Embed Frameworks */,
			);
			name = "Embed Frameworks";
			runOnlyForDeploymentPostprocessing = 0;
		};
/* End PBXCopyFilesBuildPhase section */

/* Begin PBXFileReference section */
		8F6AC03125F128B9001A1EA1 /* Stokker.app */ = {isa = PBXFileReference; explicitFileType = wrapper.application; includeInIndex = 0; path = Stokker.app; sourceTree = BUILT_PRODUCTS_DIR; };
		8F6AC03425F128B9001A1EA1 /* AppDelegate.swift */ = {isa = PBXFileReference; lastKnownFileType = sourcecode.swift; path = AppDelegate.swift; sourceTree = "<group>"; };
		8F6AC03625F128B9001A1EA1 /* SceneDelegate.swift */ = {isa = PBXFileReference; lastKnownFileType = sourcecode.swift; path = SceneDelegate.swift; sourceTree = "<group>"; };
		8F6AC03825F128B9001A1EA1 /* ViewController.swift */ = {isa = PBXFileReference; lastKnownFileType = sourcecode.swift; path = ViewController.swift; sourceTree = "<group>"; };
		8F6AC03B25F128B9001A1EA1 /* Base */ = {isa = PBXFileReference; lastKnownFileType = file.storyboard; name = Base; path = Base.lproj/Main.storyboard; sourceTree = "<group>"; };
		8F6AC03D25F128BB001A1EA1 /* Assets.xcassets */ = {isa = PBXFileReference; lastKnownFileType = folder.assetcatalog; path = Assets.xcassets; sourceTree = "<group>"; };
		8F6AC04025F128BB001A1EA1 /* Base */ = {isa = PBXFileReference; lastKnownFileType = file.storyboard; name = Base; path = Base.lproj/LaunchScreen.storyboard; sourceTree = "<group>"; };
		8F6AC04225F128BB001A1EA1 /* Info.plist */ = {isa = PBXFileReference; lastKnownFileType = text.plist.xml; path = Info.plist; sourceTree = "<group>"; };
		8F6AC04725F128BB001A1EA1 /* StokkerTests.xctest */ = {isa = PBXFileReference; explicitFileType = wrapper.cfbundle; includeInIndex = 0; path = StokkerTests.xctest; sourceTree = BUILT_PRODUCTS_DIR; };
		8F6AC04B25F128BB001A1EA1 /* StokkerTests.swift */ = {isa = PBXFileReference; lastKnownFileType = sourcecode.swift; path = StokkerTests.swift; sourceTree = "<group>"; };
		8F6AC04D25F128BB001A1EA1 /* Info.plist */ = {isa = PBXFileReference; lastKnownFileType = text.plist.xml; path = Info.plist; sourceTree = "<group>"; };
		8F6AC05225F128BB001A1EA1 /* StokkerUITests.xctest */ = {isa = PBXFileReference; explicitFileType = wrapper.cfbundle; includeInIndex = 0; path = StokkerUITests.xctest; sourceTree = BUILT_PRODUCTS_DIR; };
		8F6AC05625F128BB001A1EA1 /* StokkerUITests.swift */ = {isa = PBXFileReference; lastKnownFileType = sourcecode.swift; path = StokkerUITests.swift; sourceTree = "<group>"; };
		8F6AC05825F128BB001A1EA1 /* Info.plist */ = {isa = PBXFileReference; lastKnownFileType = text.plist.xml; path = Info.plist; sourceTree = "<group>"; };
		8FA92D8925F66F9600848BF1 /* TweetSentimentClassifier.mlmodel */ = {isa = PBXFileReference; lastKnownFileType = file.mlmodel; name = TweetSentimentClassifier.mlmodel; path = "CoreML Model/TweetSentimentClassifier.mlmodel"; sourceTree = SOURCE_ROOT; };
		8FA92D9125F673FB00848BF1 /* Swifter.xcodeproj */ = {isa = PBXFileReference; lastKnownFileType = "wrapper.pb-project"; name = Swifter.xcodeproj; path = Swifter/Swifter.xcodeproj; sourceTree = "<group>"; };
		8FA92DB125F6766200848BF1 /* Secrets.plist */ = {isa = PBXFileReference; lastKnownFileType = text.plist.xml; path = Secrets.plist; sourceTree = "<group>"; };
		8FA92DB825F6785D00848BF1 /* Secrets.swift */ = {isa = PBXFileReference; lastKnownFileType = sourcecode.swift; path = Secrets.swift; sourceTree = "<group>"; };
/* End PBXFileReference section */

/* Begin PBXFrameworksBuildPhase section */
		8F6AC02E25F128B9001A1EA1 /* Frameworks */ = {
			isa = PBXFrameworksBuildPhase;
			buildActionMask = 2147483647;
			files = (
				8FA92DAA25F6743900848BF1 /* SwifteriOS.framework in Frameworks */,
			);
			runOnlyForDeploymentPostprocessing = 0;
		};
		8F6AC04425F128BB001A1EA1 /* Frameworks */ = {
			isa = PBXFrameworksBuildPhase;
			buildActionMask = 2147483647;
			files = (
			);
			runOnlyForDeploymentPostprocessing = 0;
		};
		8F6AC04F25F128BB001A1EA1 /* Frameworks */ = {
			isa = PBXFrameworksBuildPhase;
			buildActionMask = 2147483647;
			files = (
			);
			runOnlyForDeploymentPostprocessing = 0;
		};
/* End PBXFrameworksBuildPhase section */

/* Begin PBXGroup section */
		8F6AC02825F128B9001A1EA1 = {
			isa = PBXGroup;
			children = (
				8FA92D9125F673FB00848BF1 /* Swifter.xcodeproj */,
				8F6AC03325F128B9001A1EA1 /* Stokker */,
				8F6AC04A25F128BB001A1EA1 /* StokkerTests */,
				8F6AC05525F128BB001A1EA1 /* StokkerUITests */,
				8F6AC03225F128B9001A1EA1 /* Products */,
				8FA92DA925F6743900848BF1 /* Frameworks */,
			);
			sourceTree = "<group>";
		};
		8F6AC03225F128B9001A1EA1 /* Products */ = {
			isa = PBXGroup;
			children = (
				8F6AC03125F128B9001A1EA1 /* Stokker.app */,
				8F6AC04725F128BB001A1EA1 /* StokkerTests.xctest */,
				8F6AC05225F128BB001A1EA1 /* StokkerUITests.xctest */,
			);
			name = Products;
			sourceTree = "<group>";
		};
		8F6AC03325F128B9001A1EA1 /* Stokker */ = {
			isa = PBXGroup;
			children = (
				8FA92D8925F66F9600848BF1 /* TweetSentimentClassifier.mlmodel */,
				8F6AC03425F128B9001A1EA1 /* AppDelegate.swift */,
				8F6AC03625F128B9001A1EA1 /* SceneDelegate.swift */,
				8F6AC03825F128B9001A1EA1 /* ViewController.swift */,
				8F6AC03A25F128B9001A1EA1 /* Main.storyboard */,
				8FA92DB825F6785D00848BF1 /* Secrets.swift */,
				8F6AC03D25F128BB001A1EA1 /* Assets.xcassets */,
				8F6AC03F25F128BB001A1EA1 /* LaunchScreen.storyboard */,
				8F6AC04225F128BB001A1EA1 /* Info.plist */,
				8FA92DB125F6766200848BF1 /* Secrets.plist */,
			);
			path = Stokker;
			sourceTree = "<group>";
		};
		8F6AC04A25F128BB001A1EA1 /* StokkerTests */ = {
			isa = PBXGroup;
			children = (
				8F6AC04B25F128BB001A1EA1 /* StokkerTests.swift */,
				8F6AC04D25F128BB001A1EA1 /* Info.plist */,
			);
			path = StokkerTests;
			sourceTree = "<group>";
		};
		8F6AC05525F128BB001A1EA1 /* StokkerUITests */ = {
			isa = PBXGroup;
			children = (
				8F6AC05625F128BB001A1EA1 /* StokkerUITests.swift */,
				8F6AC05825F128BB001A1EA1 /* Info.plist */,
			);
			path = StokkerUITests;
			sourceTree = "<group>";
		};
		8FA92D9225F673FB00848BF1 /* Products */ = {
			isa = PBXGroup;
			children = (
				8FA92D9A25F673FB00848BF1 /* SwifteriOS.framework */,
				8FA92D9C25F673FB00848BF1 /* SwifterMac.framework */,
				8FA92D9E25F673FB00848BF1 /* SwifterDemoiOS.app */,
				8FA92DA025F673FB00848BF1 /* SwifterDemoMac.app */,
				8FA92DA225F673FB00848BF1 /* SwifterTests.xctest */,
			);
			name = Products;
			sourceTree = "<group>";
		};
		8FA92DA925F6743900848BF1 /* Frameworks */ = {
			isa = PBXGroup;
			children = (
			);
			name = Frameworks;
			sourceTree = "<group>";
		};
/* End PBXGroup section */

/* Begin PBXNativeTarget section */
		8F6AC03025F128B9001A1EA1 /* Stokker */ = {
			isa = PBXNativeTarget;
			buildConfigurationList = 8F6AC05B25F128BB001A1EA1 /* Build configuration list for PBXNativeTarget "Stokker" */;
			buildPhases = (
				8F6AC02D25F128B9001A1EA1 /* Sources */,
				8F6AC02E25F128B9001A1EA1 /* Frameworks */,
				8F6AC02F25F128B9001A1EA1 /* Resources */,
				8FA92DAC25F6743900848BF1 /* Embed Frameworks */,
			);
			buildRules = (
			);
			dependencies = (
			);
			name = Stokker;
			productName = Stokker;
			productReference = 8F6AC03125F128B9001A1EA1 /* Stokker.app */;
			productType = "com.apple.product-type.application";
		};
		8F6AC04625F128BB001A1EA1 /* StokkerTests */ = {
			isa = PBXNativeTarget;
			buildConfigurationList = 8F6AC05E25F128BB001A1EA1 /* Build configuration list for PBXNativeTarget "StokkerTests" */;
			buildPhases = (
				8F6AC04325F128BB001A1EA1 /* Sources */,
				8F6AC04425F128BB001A1EA1 /* Frameworks */,
				8F6AC04525F128BB001A1EA1 /* Resources */,
			);
			buildRules = (
			);
			dependencies = (
				8F6AC04925F128BB001A1EA1 /* PBXTargetDependency */,
			);
			name = StokkerTests;
			productName = StokkerTests;
			productReference = 8F6AC04725F128BB001A1EA1 /* StokkerTests.xctest */;
			productType = "com.apple.product-type.bundle.unit-test";
		};
		8F6AC05125F128BB001A1EA1 /* StokkerUITests */ = {
			isa = PBXNativeTarget;
			buildConfigurationList = 8F6AC06125F128BB001A1EA1 /* Build configuration list for PBXNativeTarget "StokkerUITests" */;
			buildPhases = (
				8F6AC04E25F128BB001A1EA1 /* Sources */,
				8F6AC04F25F128BB001A1EA1 /* Frameworks */,
				8F6AC05025F128BB001A1EA1 /* Resources */,
			);
			buildRules = (
			);
			dependencies = (
				8F6AC05425F128BB001A1EA1 /* PBXTargetDependency */,
			);
			name = StokkerUITests;
			productName = StokkerUITests;
			productReference = 8F6AC05225F128BB001A1EA1 /* StokkerUITests.xctest */;
			productType = "com.apple.product-type.bundle.ui-testing";
		};
/* End PBXNativeTarget section */

/* Begin PBXProject section */
		8F6AC02925F128B9001A1EA1 /* Project object */ = {
			isa = PBXProject;
			attributes = {
				LastSwiftUpdateCheck = 1240;
				LastUpgradeCheck = 1240;
				TargetAttributes = {
					8F6AC03025F128B9001A1EA1 = {
						CreatedOnToolsVersion = 12.4;
					};
					8F6AC04625F128BB001A1EA1 = {
						CreatedOnToolsVersion = 12.4;
						TestTargetID = 8F6AC03025F128B9001A1EA1;
					};
					8F6AC05125F128BB001A1EA1 = {
						CreatedOnToolsVersion = 12.4;
						TestTargetID = 8F6AC03025F128B9001A1EA1;
					};
				};
			};
			buildConfigurationList = 8F6AC02C25F128B9001A1EA1 /* Build configuration list for PBXProject "Stokker" */;
			compatibilityVersion = "Xcode 9.3";
			developmentRegion = en;
			hasScannedForEncodings = 0;
			knownRegions = (
				en,
				Base,
			);
			mainGroup = 8F6AC02825F128B9001A1EA1;
			productRefGroup = 8F6AC03225F128B9001A1EA1 /* Products */;
			projectDirPath = "";
			projectReferences = (
				{
					ProductGroup = 8FA92D9225F673FB00848BF1 /* Products */;
					ProjectRef = 8FA92D9125F673FB00848BF1 /* Swifter.xcodeproj */;
				},
			);
			projectRoot = "";
			targets = (
				8F6AC03025F128B9001A1EA1 /* Stokker */,
				8F6AC04625F128BB001A1EA1 /* StokkerTests */,
				8F6AC05125F128BB001A1EA1 /* StokkerUITests */,
			);
		};
/* End PBXProject section */

/* Begin PBXReferenceProxy section */
		8FA92D9A25F673FB00848BF1 /* SwifteriOS.framework */ = {
			isa = PBXReferenceProxy;
			fileType = wrapper.framework;
			path = SwifteriOS.framework;
			remoteRef = 8FA92D9925F673FB00848BF1 /* PBXContainerItemProxy */;
			sourceTree = BUILT_PRODUCTS_DIR;
		};
		8FA92D9C25F673FB00848BF1 /* SwifterMac.framework */ = {
			isa = PBXReferenceProxy;
			fileType = wrapper.framework;
			path = SwifterMac.framework;
			remoteRef = 8FA92D9B25F673FB00848BF1 /* PBXContainerItemProxy */;
			sourceTree = BUILT_PRODUCTS_DIR;
		};
		8FA92D9E25F673FB00848BF1 /* SwifterDemoiOS.app */ = {
			isa = PBXReferenceProxy;
			fileType = wrapper.application;
			path = SwifterDemoiOS.app;
			remoteRef = 8FA92D9D25F673FB00848BF1 /* PBXContainerItemProxy */;
			sourceTree = BUILT_PRODUCTS_DIR;
		};
		8FA92DA025F673FB00848BF1 /* SwifterDemoMac.app */ = {
			isa = PBXReferenceProxy;
			fileType = wrapper.application;
			path = SwifterDemoMac.app;
			remoteRef = 8FA92D9F25F673FB00848BF1 /* PBXContainerItemProxy */;
			sourceTree = BUILT_PRODUCTS_DIR;
		};
		8FA92DA225F673FB00848BF1 /* SwifterTests.xctest */ = {
			isa = PBXReferenceProxy;
			fileType = wrapper.cfbundle;
			path = SwifterTests.xctest;
			remoteRef = 8FA92DA125F673FB00848BF1 /* PBXContainerItemProxy */;
			sourceTree = BUILT_PRODUCTS_DIR;
		};
/* End PBXReferenceProxy section */

/* Begin PBXResourcesBuildPhase section */
		8F6AC02F25F128B9001A1EA1 /* Resources */ = {
			isa = PBXResourcesBuildPhase;
			buildActionMask = 2147483647;
			files = (
				8FA92DB225F6766200848BF1 /* Secrets.plist in Resources */,
				8F6AC04125F128BB001A1EA1 /* LaunchScreen.storyboard in Resources */,
				8F6AC03E25F128BB001A1EA1 /* Assets.xcassets in Resources */,
				8F6AC03C25F128B9001A1EA1 /* Main.storyboard in Resources */,
			);
			runOnlyForDeploymentPostprocessing = 0;
		};
		8F6AC04525F128BB001A1EA1 /* Resources */ = {
			isa = PBXResourcesBuildPhase;
			buildActionMask = 2147483647;
			files = (
			);
			runOnlyForDeploymentPostprocessing = 0;
		};
		8F6AC05025F128BB001A1EA1 /* Resources */ = {
			isa = PBXResourcesBuildPhase;
			buildActionMask = 2147483647;
			files = (
			);
			runOnlyForDeploymentPostprocessing = 0;
		};
/* End PBXResourcesBuildPhase section */

/* Begin PBXSourcesBuildPhase section */
		8F6AC02D25F128B9001A1EA1 /* Sources */ = {
			isa = PBXSourcesBuildPhase;
			buildActionMask = 2147483647;
			files = (
				8F6AC03925F128B9001A1EA1 /* ViewController.swift in Sources */,
				8FA92DB925F6785D00848BF1 /* Secrets.swift in Sources */,
				8F6AC03525F128B9001A1EA1 /* AppDelegate.swift in Sources */,
				8FA92D8A25F66F9600848BF1 /* TweetSentimentClassifier.mlmodel in Sources */,
				8F6AC03725F128B9001A1EA1 /* SceneDelegate.swift in Sources */,
			);
			runOnlyForDeploymentPostprocessing = 0;
		};
		8F6AC04325F128BB001A1EA1 /* Sources */ = {
			isa = PBXSourcesBuildPhase;
			buildActionMask = 2147483647;
			files = (
				8F6AC04C25F128BB001A1EA1 /* StokkerTests.swift in Sources */,
			);
			runOnlyForDeploymentPostprocessing = 0;
		};
		8F6AC04E25F128BB001A1EA1 /* Sources */ = {
			isa = PBXSourcesBuildPhase;
			buildActionMask = 2147483647;
			files = (
				8F6AC05725F128BB001A1EA1 /* StokkerUITests.swift in Sources */,
			);
			runOnlyForDeploymentPostprocessing = 0;
		};
/* End PBXSourcesBuildPhase section */

/* Begin PBXTargetDependency section */
		8F6AC04925F128BB001A1EA1 /* PBXTargetDependency */ = {
			isa = PBXTargetDependency;
			target = 8F6AC03025F128B9001A1EA1 /* Stokker */;
			targetProxy = 8F6AC04825F128BB001A1EA1 /* PBXContainerItemProxy */;
		};
		8F6AC05425F128BB001A1EA1 /* PBXTargetDependency */ = {
			isa = PBXTargetDependency;
			target = 8F6AC03025F128B9001A1EA1 /* Stokker */;
			targetProxy = 8F6AC05325F128BB001A1EA1 /* PBXContainerItemProxy */;
		};
/* End PBXTargetDependency section */

/* Begin PBXVariantGroup section */
		8F6AC03A25F128B9001A1EA1 /* Main.storyboard */ = {
			isa = PBXVariantGroup;
			children = (
				8F6AC03B25F128B9001A1EA1 /* Base */,
			);
			name = Main.storyboard;
			sourceTree = "<group>";
		};
		8F6AC03F25F128BB001A1EA1 /* LaunchScreen.storyboard */ = {
			isa = PBXVariantGroup;
			children = (
				8F6AC04025F128BB001A1EA1 /* Base */,
			);
			name = LaunchScreen.storyboard;
			sourceTree = "<group>";
		};
/* End PBXVariantGroup section */

/* Begin XCBuildConfiguration section */
		8F6AC05925F128BB001A1EA1 /* Debug */ = {
			isa = XCBuildConfiguration;
			buildSettings = {
				ALWAYS_SEARCH_USER_PATHS = NO;
				CLANG_ANALYZER_NONNULL = YES;
				CLANG_ANALYZER_NUMBER_OBJECT_CONVERSION = YES_AGGRESSIVE;
				CLANG_CXX_LANGUAGE_STANDARD = "gnu++14";
				CLANG_CXX_LIBRARY = "libc++";
				CLANG_ENABLE_MODULES = YES;
				CLANG_ENABLE_OBJC_ARC = YES;
				CLANG_ENABLE_OBJC_WEAK = YES;
				CLANG_WARN_BLOCK_CAPTURE_AUTORELEASING = YES;
				CLANG_WARN_BOOL_CONVERSION = YES;
				CLANG_WARN_COMMA = YES;
				CLANG_WARN_CONSTANT_CONVERSION = YES;
				CLANG_WARN_DEPRECATED_OBJC_IMPLEMENTATIONS = YES;
				CLANG_WARN_DIRECT_OBJC_ISA_USAGE = YES_ERROR;
				CLANG_WARN_DOCUMENTATION_COMMENTS = YES;
				CLANG_WARN_EMPTY_BODY = YES;
				CLANG_WARN_ENUM_CONVERSION = YES;
				CLANG_WARN_INFINITE_RECURSION = YES;
				CLANG_WARN_INT_CONVERSION = YES;
				CLANG_WARN_NON_LITERAL_NULL_CONVERSION = YES;
				CLANG_WARN_OBJC_IMPLICIT_RETAIN_SELF = YES;
				CLANG_WARN_OBJC_LITERAL_CONVERSION = YES;
				CLANG_WARN_OBJC_ROOT_CLASS = YES_ERROR;
				CLANG_WARN_QUOTED_INCLUDE_IN_FRAMEWORK_HEADER = YES;
				CLANG_WARN_RANGE_LOOP_ANALYSIS = YES;
				CLANG_WARN_STRICT_PROTOTYPES = YES;
				CLANG_WARN_SUSPICIOUS_MOVE = YES;
				CLANG_WARN_UNGUARDED_AVAILABILITY = YES_AGGRESSIVE;
				CLANG_WARN_UNREACHABLE_CODE = YES;
				CLANG_WARN__DUPLICATE_METHOD_MATCH = YES;
				COPY_PHASE_STRIP = NO;
				DEBUG_INFORMATION_FORMAT = dwarf;
				ENABLE_STRICT_OBJC_MSGSEND = YES;
				ENABLE_TESTABILITY = YES;
				GCC_C_LANGUAGE_STANDARD = gnu11;
				GCC_DYNAMIC_NO_PIC = NO;
				GCC_NO_COMMON_BLOCKS = YES;
				GCC_OPTIMIZATION_LEVEL = 0;
				GCC_PREPROCESSOR_DEFINITIONS = (
					"DEBUG=1",
					"$(inherited)",
				);
				GCC_WARN_64_TO_32_BIT_CONVERSION = YES;
				GCC_WARN_ABOUT_RETURN_TYPE = YES_ERROR;
				GCC_WARN_UNDECLARED_SELECTOR = YES;
				GCC_WARN_UNINITIALIZED_AUTOS = YES_AGGRESSIVE;
				GCC_WARN_UNUSED_FUNCTION = YES;
				GCC_WARN_UNUSED_VARIABLE = YES;
				IPHONEOS_DEPLOYMENT_TARGET = 14.4;
				MTL_ENABLE_DEBUG_INFO = INCLUDE_SOURCE;
				MTL_FAST_MATH = YES;
				ONLY_ACTIVE_ARCH = YES;
				SDKROOT = iphoneos;
				SWIFT_ACTIVE_COMPILATION_CONDITIONS = DEBUG;
				SWIFT_OPTIMIZATION_LEVEL = "-Onone";
			};
			name = Debug;
		};
		8F6AC05A25F128BB001A1EA1 /* Release */ = {
			isa = XCBuildConfiguration;
			buildSettings = {
				ALWAYS_SEARCH_USER_PATHS = NO;
				CLANG_ANALYZER_NONNULL = YES;
				CLANG_ANALYZER_NUMBER_OBJECT_CONVERSION = YES_AGGRESSIVE;
				CLANG_CXX_LANGUAGE_STANDARD = "gnu++14";
				CLANG_CXX_LIBRARY = "libc++";
				CLANG_ENABLE_MODULES = YES;
				CLANG_ENABLE_OBJC_ARC = YES;
				CLANG_ENABLE_OBJC_WEAK = YES;
				CLANG_WARN_BLOCK_CAPTURE_AUTORELEASING = YES;
				CLANG_WARN_BOOL_CONVERSION = YES;
				CLANG_WARN_COMMA = YES;
				CLANG_WARN_CONSTANT_CONVERSION = YES;
				CLANG_WARN_DEPRECATED_OBJC_IMPLEMENTATIONS = YES;
				CLANG_WARN_DIRECT_OBJC_ISA_USAGE = YES_ERROR;
				CLANG_WARN_DOCUMENTATION_COMMENTS = YES;
				CLANG_WARN_EMPTY_BODY = YES;
				CLANG_WARN_ENUM_CONVERSION = YES;
				CLANG_WARN_INFINITE_RECURSION = YES;
				CLANG_WARN_INT_CONVERSION = YES;
				CLANG_WARN_NON_LITERAL_NULL_CONVERSION = YES;
				CLANG_WARN_OBJC_IMPLICIT_RETAIN_SELF = YES;
				CLANG_WARN_OBJC_LITERAL_CONVERSION = YES;
				CLANG_WARN_OBJC_ROOT_CLASS = YES_ERROR;
				CLANG_WARN_QUOTED_INCLUDE_IN_FRAMEWORK_HEADER = YES;
				CLANG_WARN_RANGE_LOOP_ANALYSIS = YES;
				CLANG_WARN_STRICT_PROTOTYPES = YES;
				CLANG_WARN_SUSPICIOUS_MOVE = YES;
				CLANG_WARN_UNGUARDED_AVAILABILITY = YES_AGGRESSIVE;
				CLANG_WARN_UNREACHABLE_CODE = YES;
				CLANG_WARN__DUPLICATE_METHOD_MATCH = YES;
				COPY_PHASE_STRIP = NO;
				DEBUG_INFORMATION_FORMAT = "dwarf-with-dsym";
				ENABLE_NS_ASSERTIONS = NO;
				ENABLE_STRICT_OBJC_MSGSEND = YES;
				GCC_C_LANGUAGE_STANDARD = gnu11;
				GCC_NO_COMMON_BLOCKS = YES;
				GCC_WARN_64_TO_32_BIT_CONVERSION = YES;
				GCC_WARN_ABOUT_RETURN_TYPE = YES_ERROR;
				GCC_WARN_UNDECLARED_SELECTOR = YES;
				GCC_WARN_UNINITIALIZED_AUTOS = YES_AGGRESSIVE;
				GCC_WARN_UNUSED_FUNCTION = YES;
				GCC_WARN_UNUSED_VARIABLE = YES;
				IPHONEOS_DEPLOYMENT_TARGET = 14.4;
				MTL_ENABLE_DEBUG_INFO = NO;
				MTL_FAST_MATH = YES;
				SDKROOT = iphoneos;
				SWIFT_COMPILATION_MODE = wholemodule;
				SWIFT_OPTIMIZATION_LEVEL = "-O";
				VALIDATE_PRODUCT = YES;
			};
			name = Release;
		};
		8F6AC05C25F128BB001A1EA1 /* Debug */ = {
			isa = XCBuildConfiguration;
			buildSettings = {
				ASSETCATALOG_COMPILER_APPICON_NAME = AppIcon;
				ASSETCATALOG_COMPILER_GLOBAL_ACCENT_COLOR_NAME = AccentColor;
				CODE_SIGN_STYLE = Automatic;
				DEVELOPMENT_TEAM = P7FDRC6UZ9;
				INFOPLIST_FILE = Stokker/Info.plist;
				LD_RUNPATH_SEARCH_PATHS = (
					"$(inherited)",
					"@executable_path/Frameworks",
				);
				PRODUCT_BUNDLE_IDENTIFIER = com.michaelsonnino.Stokker;
				PRODUCT_NAME = "$(TARGET_NAME)";
				SWIFT_VERSION = 5.0;
				TARGETED_DEVICE_FAMILY = "1,2";
			};
			name = Debug;
		};
		8F6AC05D25F128BB001A1EA1 /* Release */ = {
			isa = XCBuildConfiguration;
			buildSettings = {
				ASSETCATALOG_COMPILER_APPICON_NAME = AppIcon;
				ASSETCATALOG_COMPILER_GLOBAL_ACCENT_COLOR_NAME = AccentColor;
				CODE_SIGN_STYLE = Automatic;
				DEVELOPMENT_TEAM = P7FDRC6UZ9;
				INFOPLIST_FILE = Stokker/Info.plist;
				LD_RUNPATH_SEARCH_PATHS = (
					"$(inherited)",
					"@executable_path/Frameworks",
				);
				PRODUCT_BUNDLE_IDENTIFIER = com.michaelsonnino.Stokker;
				PRODUCT_NAME = "$(TARGET_NAME)";
				SWIFT_VERSION = 5.0;
				TARGETED_DEVICE_FAMILY = "1,2";
			};
			name = Release;
		};
		8F6AC05F25F128BB001A1EA1 /* Debug */ = {
			isa = XCBuildConfiguration;
			buildSettings = {
				ALWAYS_EMBED_SWIFT_STANDARD_LIBRARIES = YES;
				BUNDLE_LOADER = "$(TEST_HOST)";
				CODE_SIGN_STYLE = Automatic;
				DEVELOPMENT_TEAM = P7FDRC6UZ9;
				INFOPLIST_FILE = StokkerTests/Info.plist;
				IPHONEOS_DEPLOYMENT_TARGET = 14.4;
				LD_RUNPATH_SEARCH_PATHS = (
					"$(inherited)",
					"@executable_path/Frameworks",
					"@loader_path/Frameworks",
				);
				PRODUCT_BUNDLE_IDENTIFIER = com.michaelsonnino.StokkerTests;
				PRODUCT_NAME = "$(TARGET_NAME)";
				SWIFT_VERSION = 5.0;
				TARGETED_DEVICE_FAMILY = "1,2";
				TEST_HOST = "$(BUILT_PRODUCTS_DIR)/Stokker.app/Stokker";
			};
			name = Debug;
		};
		8F6AC06025F128BB001A1EA1 /* Release */ = {
			isa = XCBuildConfiguration;
			buildSettings = {
				ALWAYS_EMBED_SWIFT_STANDARD_LIBRARIES = YES;
				BUNDLE_LOADER = "$(TEST_HOST)";
				CODE_SIGN_STYLE = Automatic;
				DEVELOPMENT_TEAM = P7FDRC6UZ9;
				INFOPLIST_FILE = StokkerTests/Info.plist;
				IPHONEOS_DEPLOYMENT_TARGET = 14.4;
				LD_RUNPATH_SEARCH_PATHS = (
					"$(inherited)",
					"@executable_path/Frameworks",
					"@loader_path/Frameworks",
				);
				PRODUCT_BUNDLE_IDENTIFIER = com.michaelsonnino.StokkerTests;
				PRODUCT_NAME = "$(TARGET_NAME)";
				SWIFT_VERSION = 5.0;
				TARGETED_DEVICE_FAMILY = "1,2";
				TEST_HOST = "$(BUILT_PRODUCTS_DIR)/Stokker.app/Stokker";
			};
			name = Release;
		};
		8F6AC06225F128BB001A1EA1 /* Debug */ = {
			isa = XCBuildConfiguration;
			buildSettings = {
				ALWAYS_EMBED_SWIFT_STANDARD_LIBRARIES = YES;
				CODE_SIGN_STYLE = Automatic;
				DEVELOPMENT_TEAM = P7FDRC6UZ9;
				INFOPLIST_FILE = StokkerUITests/Info.plist;
				LD_RUNPATH_SEARCH_PATHS = (
					"$(inherited)",
					"@executable_path/Frameworks",
					"@loader_path/Frameworks",
				);
				PRODUCT_BUNDLE_IDENTIFIER = com.michaelsonnino.StokkerUITests;
				PRODUCT_NAME = "$(TARGET_NAME)";
				SWIFT_VERSION = 5.0;
				TARGETED_DEVICE_FAMILY = "1,2";
				TEST_TARGET_NAME = Stokker;
			};
			name = Debug;
		};
		8F6AC06325F128BB001A1EA1 /* Release */ = {
			isa = XCBuildConfiguration;
			buildSettings = {
				ALWAYS_EMBED_SWIFT_STANDARD_LIBRARIES = YES;
				CODE_SIGN_STYLE = Automatic;
				DEVELOPMENT_TEAM = P7FDRC6UZ9;
				INFOPLIST_FILE = StokkerUITests/Info.plist;
				LD_RUNPATH_SEARCH_PATHS = (
					"$(inherited)",
					"@executable_path/Frameworks",
					"@loader_path/Frameworks",
				);
				PRODUCT_BUNDLE_IDENTIFIER = com.michaelsonnino.StokkerUITests;
				PRODUCT_NAME = "$(TARGET_NAME)";
				SWIFT_VERSION = 5.0;
				TARGETED_DEVICE_FAMILY = "1,2";
				TEST_TARGET_NAME = Stokker;
			};
			name = Release;
		};
/* End XCBuildConfiguration section */

/* Begin XCConfigurationList section */
		8F6AC02C25F128B9001A1EA1 /* Build configuration list for PBXProject "Stokker" */ = {
			isa = XCConfigurationList;
			buildConfigurations = (
				8F6AC05925F128BB001A1EA1 /* Debug */,
				8F6AC05A25F128BB001A1EA1 /* Release */,
			);
			defaultConfigurationIsVisible = 0;
			defaultConfigurationName = Release;
		};
		8F6AC05B25F128BB001A1EA1 /* Build configuration list for PBXNativeTarget "Stokker" */ = {
			isa = XCConfigurationList;
			buildConfigurations = (
				8F6AC05C25F128BB001A1EA1 /* Debug */,
				8F6AC05D25F128BB001A1EA1 /* Release */,
			);
			defaultConfigurationIsVisible = 0;
			defaultConfigurationName = Release;
		};
		8F6AC05E25F128BB001A1EA1 /* Build configuration list for PBXNativeTarget "StokkerTests" */ = {
			isa = XCConfigurationList;
			buildConfigurations = (
				8F6AC05F25F128BB001A1EA1 /* Debug */,
				8F6AC06025F128BB001A1EA1 /* Release */,
			);
			defaultConfigurationIsVisible = 0;
			defaultConfigurationName = Release;
		};
		8F6AC06125F128BB001A1EA1 /* Build configuration list for PBXNativeTarget "StokkerUITests" */ = {
			isa = XCConfigurationList;
			buildConfigurations = (
				8F6AC06225F128BB001A1EA1 /* Debug */,
				8F6AC06325F128BB001A1EA1 /* Release */,
			);
			defaultConfigurationIsVisible = 0;
			defaultConfigurationName = Release;
		};
/* End XCConfigurationList section */
	};
	rootObject = 8F6AC02925F128B9001A1EA1 /* Project object */;
}
